{
  "nodes": {
    "devshell": {
      "inputs": {
        "nixpkgs": [
          "nix-pins",
          "nixpkgs"
        ]
      },
      "locked": {
        "lastModified": 1741473158,
        "narHash": "sha256-kWNaq6wQUbUMlPgw8Y+9/9wP0F8SHkjy24/mN3UAppg=",
        "owner": "numtide",
        "repo": "devshell",
        "rev": "7c9e793ebe66bcba8292989a68c0419b737a22a0",
        "type": "github"
      },
      "original": {
        "owner": "numtide",
        "repo": "devshell",
        "type": "github"
      }
    },
    "nix-pins": {
      "inputs": {
        "devshell": "devshell",
        "nixpkgs": "nixpkgs"
      },
      "locked": {
        "lastModified": 1759871190,
        "narHash": "sha256-kiHougra9+7rSlcLL6dNq/v/OCKa+kAQMt/zIi/24m0=",
        "ref": "refs/heads/main",
        "rev": "290d2f087ab94053ee13d4d8c802caa7b11be87f",
        "revCount": 51,
        "type": "git",
        "url": "ssh://git@git.accur8.net/a8/nix-pins"
      },
      "original": {
        "type": "git",
        "url": "ssh://git@git.accur8.net/a8/nix-pins"
      }
    },
    "nixpkgs": {
      "locked": {
        "lastModified": 1759417375,
        "narHash": "sha256-O7eHcgkQXJNygY6AypkF9tFhsoDQjpNEojw3eFs73Ow=",
        "owner": "NixOS",
        "repo": "nixpkgs",
        "rev": "dc704e6102e76aad573f63b74c742cd96f8f1e6c",
        "type": "github"
      },
      "original": {
        "owner": "NixOS",
        "ref": "nixpkgs-unstable",
        "repo": "nixpkgs",
        "type": "github"
      }
    },
    "root": {
      "inputs": {
        "nix-pins": "nix-pins"
      }
    }
  },
  "root": "root",
  "version": 7
}
